
Microsoft Visual Studio Solution File, Format Version 12.00
# Visual Studio Version 17
VisualStudioVersion = 17.9.34616.47
MinimumVisualStudioVersion = 10.0.40219.1
Project("{FAE04EC0-301F-11D3-BF4B-00C04F79EFBC}") = "StudentRegistrationApplication", "StudentRegistrationApplication\StudentRegistrationApplication.csproj", "{871141BD-956A-4256-8045-439F2E21A708}"
EndProject
Global
	GlobalSection(SolutionConfigurationPlatforms) = preSolution
		Debug|Any CPU = Debug|Any CPU
		Release|Any CPU = Release|Any CPU
	EndGlobalSection
	GlobalSection(ProjectConfigurationPlatforms) = postSolution
		{871141BD-956A-4256-8045-439F2E21A708}.Debug|Any CPU.ActiveCfg = Debug|Any CPU
		{871141BD-956A-4256-8045-439F2E21A708}.Debug|Any CPU.Build.0 = Debug|Any CPU
		{871141BD-956A-4256-8045-439F2E21A708}.Release|Any CPU.ActiveCfg = Release|Any CPU
		{871141BD-956A-4256-8045-439F2E21A708}.Release|Any CPU.Build.0 = Release|Any CPU
	EndGlobalSection
	GlobalSection(SolutionProperties) = preSolution
		HideSolutionNode = FALSE
	EndGlobalSection
	GlobalSection(ExtensibilityGlobals) = postSolution
		SolutionGuid = {1F1F338A-5D07-4430-B751-A5E64E9EAC14}
	EndGlobalSection
EndGlobal
